
Microsoft Visual Studio Solution File, Format Version 12.00
# Visual Studio Version 16
VisualStudioVersion = 16.0.31112.23
MinimumVisualStudioVersion = 10.0.40219.1
Project("{FAE04EC0-301F-11D3-BF4B-00C04F79EFBC}") = "DataBase", "DataBase\DataBase.csproj", "{93AAEDDB-D13E-47C9-90C7-52D0429167D7}"
EndProject
Project("{FAE04EC0-301F-11D3-BF4B-00C04F79EFBC}") = "Application", "Application\Application.csproj", "{1A2AA6C5-C621-4896-B40D-98FE3F05F511}"
EndProject
Project("{FAE04EC0-301F-11D3-BF4B-00C04F79EFBC}") = "ViewModel", "ViewModel\ViewModel.csproj", "{55D296E6-C5DB-45C2-B377-E25286B74C15}"
EndProject
Global
	GlobalSection(SolutionConfigurationPlatforms) = preSolution
		Debug|Any CPU = Debug|Any CPU
		Release|Any CPU = Release|Any CPU
	EndGlobalSection
	GlobalSection(ProjectConfigurationPlatforms) = postSolution
		{93AAEDDB-D13E-47C9-90C7-52D0429167D7}.Debug|Any CPU.ActiveCfg = Debug|Any CPU
		{93AAEDDB-D13E-47C9-90C7-52D0429167D7}.Debug|Any CPU.Build.0 = Debug|Any CPU
		{93AAEDDB-D13E-47C9-90C7-52D0429167D7}.Release|Any CPU.ActiveCfg = Release|Any CPU
		{93AAEDDB-D13E-47C9-90C7-52D0429167D7}.Release|Any CPU.Build.0 = Release|Any CPU
		{1A2AA6C5-C621-4896-B40D-98FE3F05F511}.Debug|Any CPU.ActiveCfg = Debug|Any CPU
		{1A2AA6C5-C621-4896-B40D-98FE3F05F511}.Debug|Any CPU.Build.0 = Debug|Any CPU
		{1A2AA6C5-C621-4896-B40D-98FE3F05F511}.Release|Any CPU.ActiveCfg = Release|Any CPU
		{1A2AA6C5-C621-4896-B40D-98FE3F05F511}.Release|Any CPU.Build.0 = Release|Any CPU
		{55D296E6-C5DB-45C2-B377-E25286B74C15}.Debug|Any CPU.ActiveCfg = Debug|Any CPU
		{55D296E6-C5DB-45C2-B377-E25286B74C15}.Debug|Any CPU.Build.0 = Debug|Any CPU
		{55D296E6-C5DB-45C2-B377-E25286B74C15}.Release|Any CPU.ActiveCfg = Release|Any CPU
		{55D296E6-C5DB-45C2-B377-E25286B74C15}.Release|Any CPU.Build.0 = Release|Any CPU
	EndGlobalSection
	GlobalSection(SolutionProperties) = preSolution
		HideSolutionNode = FALSE
	EndGlobalSection
	GlobalSection(ExtensibilityGlobals) = postSolution
		SolutionGuid = {F8F70B3D-8DF1-45F5-864F-942E565C5EA7}
	EndGlobalSection
EndGlobal
